github.com/mohanson/easyfs v0.0.0-20201102020136-298cf0f761d9 h1:WEQylHsZqFmPIxsBv1tTy0a3voVW5nrTNqEdatmI1UA=
github.com/mohanson/easyfs v0.0.0-20201102020136-298cf0f761d9/go.mod h1:SAgMTKE+bPeVYQ64Kjk4lSjY1/3stqVcfdkmuFZxdrM=
github.com/mohanson/lru v0.0.0-20200816101528-1d1ea1716060 h1:0hQjoGASqcGuzCMz1vZzCrsUZyia0/8pygaIZIiSF3o=
github.com/mohanson/lru v0.0.0-20200816101528-1d1ea1716060/go.mod h1:6MuIsKg4QTtlY8yEF7CBHj8/unBW9Kwa1JqF+bNfhhk=
